{
  "name": "@octodemo/package-updates",
  "version": "1.0.0",
  "lockfileVersion": 1,
  "requires": true,
  "dependencies": {
    "@octodemo/nodejs-private-package": {
      "version": "1.0.0",
      "resolved": "https://npm.pkg.github.com/download/@octodemo/nodejs-private-package/1.0.0/308d45c49538ffb306cd315ade13a4cc700b71c170c0afe03ebed06725839aa1",
      "integrity": "sha512-d2meHSKRdAuWiem4YD1PHdToxuve8uRFXRP7UEjYTBam5x3DmkKv+SIXuuQzXT7Ku9HHTwg61yXZPPqusngp1A=="
    },
    "@peter-murray/simple-npm-lib": {
      "version": "1.0.0",
      "resolved": "https://npm.pkg.github.com/download/@peter-murray/simple-npm-lib/1.0.0/26ae8262edc2c6fa76649c0aeb392aa325336e37c2db02d1fa3bc467948bd924",
      "integrity": "sha512-KMotxll3aYh11A6eS2ikKCXZR2D7HeNJEGftjBLBnmJ40CNDJTafKIIKt5GuGOvkcwKViTSiQaJmBm0/ULfJLQ=="
    },
    "axios": {
      "version": "0.21.4",
      "resolved": "https://registry.npmjs.org/axios/-/axios-0.21.4.tgz",
      "integrity": "sha512-ut5vewkiu8jjGBdqpM44XxjuCjq9LAKeHVmoVfHVzy8eHgxxq8SbAVQNovDA8mVi05kP0Ea/n/UzcSHcTJQfNg==",
      "requires": {
        "follow-redirects": "^1.14.0"
      }
    },
    "bottleneck": {
      "version": "2.19.5",
      "resolved": "https://registry.npmjs.org/bottleneck/-/bottleneck-2.19.5.tgz",
      "integrity": "sha512-VHiNCbI1lKdl44tGrhNfU3lup0Tj/ZBMJB5/2ZbNXRCPuRCO7ed2mgcK4r17y+KB2EfuYuRaVlwNbAeaWGSpbw=="
    },
    "follow-redirects": {
      "version": "1.14.9",
      "resolved": "https://registry.npmjs.org/follow-redirects/-/follow-redirects-1.14.9.tgz",
      "integrity": "sha512-MQDfihBQYMcyy5dhRDJUHcw7lb2Pv/TuE6xP1vyraLukNDHKbDxDNaOE3NbCAdKQApno+GPRyo1YAp89yCjK4w=="
    },
    "get-ssl-certificate": {
      "version": "2.3.3",
      "resolved": "https://registry.npmjs.org/get-ssl-certificate/-/get-ssl-certificate-2.3.3.tgz",
      "integrity": "sha512-aKYXS1S5+2IYw4W5+lKC/M+lvaNYPe0PhnQ144NWARcBg35H3ZvyVZ6y0LNGtiAxggFBHeO7LaVGO4bgHK4g1Q=="
    },
    "node-hue-api": {
      "version": "4.0.11",
      "resolved": "https://registry.npmjs.org/node-hue-api/-/node-hue-api-4.0.11.tgz",
      "integrity": "sha512-lpnDdMjLTmm00JRsU70Mtm0Ix03cf7PRjKQAJbSg/Y0ChiIKQs+oDbSUpW2aDhEbor+wKpyfLYLGLTrjlG24pQ==",
      "requires": {
        "axios": "^0.21.1",
        "bottleneck": "^2.19.5",
        "get-ssl-certificate": "^2.3.3"
      }
    }
  }
}
